
Microsoft Visual Studio Solution File, Format Version 12.00
# Visual Studio 2013
VisualStudioVersion = 12.0.30723.0
MinimumVisualStudioVersion = 10.0.40219.1
Project("{8BC9CEB8-8B4A-11D0-8D11-00A0C91BC942}") = "Cartulum", "Cartulum\Cartulum.vcxproj", "{544C960C-19CD-482E-88CC-C7AA1CE7C203}"
EndProject
Global
	GlobalSection(SolutionConfigurationPlatforms) = preSolution
		Debug|Win32 = Debug|Win32
		Release|Win32 = Release|Win32
	EndGlobalSection
	GlobalSection(ProjectConfigurationPlatforms) = postSolution
		{544C960C-19CD-482E-88CC-C7AA1CE7C203}.Debug|Win32.ActiveCfg = Debug|Win32
		{544C960C-19CD-482E-88CC-C7AA1CE7C203}.Debug|Win32.Build.0 = Debug|Win32
		{544C960C-19CD-482E-88CC-C7AA1CE7C203}.Release|Win32.ActiveCfg = Release|Win32
		{544C960C-19CD-482E-88CC-C7AA1CE7C203}.Release|Win32.Build.0 = Release|Win32
	EndGlobalSection
	GlobalSection(SolutionProperties) = preSolution
		HideSolutionNode = FALSE
	EndGlobalSection
EndGlobal
